// !$*UTF8*$!
{
	archiveVersion = 1;
	classes = {
	};
	objectVersion = 50;
	objects = {

/* Begin PBXBuildFile section */
		388E0D7EA6EB601AFBCC3570 /* Pods_LottieTutorialWatchOS.framework in Frameworks */ = {isa = PBXBuildFile; fileRef = A7D6D5AE986C5BCCF6EEE098 /* Pods_LottieTutorialWatchOS.framework */; };
		94ED110F24E22DA6006BB755 /* LottieTutorialWatchOS WatchKit App.app in Embed Watch Content */ = {isa = PBXBuildFile; fileRef = 94ED110E24E22DA6006BB755 /* LottieTutorialWatchOS WatchKit App.app */; settings = {ATTRIBUTES = (RemoveHeadersOnCopy, ); }; };
		94ED111524E22DA6006BB755 /* Interface.storyboard in Resources */ = {isa = PBXBuildFile; fileRef = 94ED111324E22DA6006BB755 /* Interface.storyboard */; };
		94ED111724E22DA9006BB755 /* Assets.xcassets in Resources */ = {isa = PBXBuildFile; fileRef = 94ED111624E22DA9006BB755 /* Assets.xcassets */; };
		94ED111E24E22DA9006BB755 /* LottieTutorialWatchOS WatchKit Extension.appex in Embed App Extensions */ = {isa = PBXBuildFile; fileRef = 94ED111D24E22DA9006BB755 /* LottieTutorialWatchOS WatchKit Extension.appex */; settings = {ATTRIBUTES = (RemoveHeadersOnCopy, ); }; };
		94ED112324E22DA9006BB755 /* InterfaceController.swift in Sources */ = {isa = PBXBuildFile; fileRef = 94ED112224E22DA9006BB755 /* InterfaceController.swift */; };
		94ED112524E22DA9006BB755 /* ExtensionDelegate.swift in Sources */ = {isa = PBXBuildFile; fileRef = 94ED112424E22DA9006BB755 /* ExtensionDelegate.swift */; };
		94ED112724E22DA9006BB755 /* NotificationController.swift in Sources */ = {isa = PBXBuildFile; fileRef = 94ED112624E22DA9006BB755 /* NotificationController.swift */; };
		94ED112924E22DA9006BB755 /* Assets.xcassets in Resources */ = {isa = PBXBuildFile; fileRef = 94ED112824E22DA9006BB755 /* Assets.xcassets */; };
		CA047808A54B5D07C439E443 /* Pods_LottieTutorialWatchOS_WatchKit_App.framework in Frameworks */ = {isa = PBXBuildFile; fileRef = BA6646ECE660ADB0DE793B59 /* Pods_LottieTutorialWatchOS_WatchKit_App.framework */; };
		D50165FED43F29947817FB41 /* Pods_LottieTutorialWatchOS_WatchKit_Extension.framework in Frameworks */ = {isa = PBXBuildFile; fileRef = 5F531953A722C77F20BE4453 /* Pods_LottieTutorialWatchOS_WatchKit_Extension.framework */; };
/* End PBXBuildFile section */

/* Begin PBXContainerItemProxy section */
		94ED111024E22DA6006BB755 /* PBXContainerItemProxy */ = {
			isa = PBXContainerItemProxy;
			containerPortal = 94ED110424E22DA6006BB755 /* Project object */;
			proxyType = 1;
			remoteGlobalIDString = 94ED110D24E22DA6006BB755;
			remoteInfo = "LottieTutorialWatchOS WatchKit App";
		};
		94ED111F24E22DA9006BB755 /* PBXContainerItemProxy */ = {
			isa = PBXContainerItemProxy;
			containerPortal = 94ED110424E22DA6006BB755 /* Project object */;
			proxyType = 1;
			remoteGlobalIDString = 94ED111C24E22DA9006BB755;
			remoteInfo = "LottieTutorialWatchOS WatchKit Extension";
		};
/* End PBXContainerItemProxy section */

/* Begin PBXCopyFilesBuildPhase section */
		94ED113124E22DA9006BB755 /* Embed App Extensions */ = {
			isa = PBXCopyFilesBuildPhase;
			buildActionMask = 2147483647;
			dstPath = "";
			dstSubfolderSpec = 13;
			files = (
				94ED111E24E22DA9006BB755 /* LottieTutorialWatchOS WatchKit Extension.appex in Embed App Extensions */,
			);
			name = "Embed App Extensions";
			runOnlyForDeploymentPostprocessing = 0;
		};
		94ED113524E22DA9006BB755 /* Embed Watch Content */ = {
			isa = PBXCopyFilesBuildPhase;
			buildActionMask = 2147483647;
			dstPath = "$(CONTENTS_FOLDER_PATH)/Watch";
			dstSubfolderSpec = 16;
			files = (
				94ED110F24E22DA6006BB755 /* LottieTutorialWatchOS WatchKit App.app in Embed Watch Content */,
			);
			name = "Embed Watch Content";
			runOnlyForDeploymentPostprocessing = 0;
		};
/* End PBXCopyFilesBuildPhase section */

/* Begin PBXFileReference section */
		0FD41DEDBB49E10462496CBB /* Pods-LottieTutorialWatchOS WatchKit Extension.release.xcconfig */ = {isa = PBXFileReference; includeInIndex = 1; lastKnownFileType = text.xcconfig; name = "Pods-LottieTutorialWatchOS WatchKit Extension.release.xcconfig"; path = "Target Support Files/Pods-LottieTutorialWatchOS WatchKit Extension/Pods-LottieTutorialWatchOS WatchKit Extension.release.xcconfig"; sourceTree = "<group>"; };
		2C09223FDA47A9F6AADE8141 /* Pods-LottieTutorialWatchOS WatchKit App.debug.xcconfig */ = {isa = PBXFileReference; includeInIndex = 1; lastKnownFileType = text.xcconfig; name = "Pods-LottieTutorialWatchOS WatchKit App.debug.xcconfig"; path = "Target Support Files/Pods-LottieTutorialWatchOS WatchKit App/Pods-LottieTutorialWatchOS WatchKit App.debug.xcconfig"; sourceTree = "<group>"; };
		430D35F442CB19C8E8B7E3B3 /* Pods-LottieTutorialWatchOS.debug.xcconfig */ = {isa = PBXFileReference; includeInIndex = 1; lastKnownFileType = text.xcconfig; name = "Pods-LottieTutorialWatchOS.debug.xcconfig"; path = "Target Support Files/Pods-LottieTutorialWatchOS/Pods-LottieTutorialWatchOS.debug.xcconfig"; sourceTree = "<group>"; };
		43E98C816D0CFDCCAD8E04AA /* Pods-LottieTutorialWatchOS WatchKit Extension.debug.xcconfig */ = {isa = PBXFileReference; includeInIndex = 1; lastKnownFileType = text.xcconfig; name = "Pods-LottieTutorialWatchOS WatchKit Extension.debug.xcconfig"; path = "Target Support Files/Pods-LottieTutorialWatchOS WatchKit Extension/Pods-LottieTutorialWatchOS WatchKit Extension.debug.xcconfig"; sourceTree = "<group>"; };
		5F531953A722C77F20BE4453 /* Pods_LottieTutorialWatchOS_WatchKit_Extension.framework */ = {isa = PBXFileReference; explicitFileType = wrapper.framework; includeInIndex = 0; path = Pods_LottieTutorialWatchOS_WatchKit_Extension.framework; sourceTree = BUILT_PRODUCTS_DIR; };
		94ED110A24E22DA6006BB755 /* LottieTutorialWatchOS.app */ = {isa = PBXFileReference; explicitFileType = wrapper.application; includeInIndex = 0; path = LottieTutorialWatchOS.app; sourceTree = BUILT_PRODUCTS_DIR; };
		94ED110E24E22DA6006BB755 /* LottieTutorialWatchOS WatchKit App.app */ = {isa = PBXFileReference; explicitFileType = wrapper.application; includeInIndex = 0; path = "LottieTutorialWatchOS WatchKit App.app"; sourceTree = BUILT_PRODUCTS_DIR; };
		94ED111424E22DA6006BB755 /* Base */ = {isa = PBXFileReference; lastKnownFileType = file.storyboard; name = Base; path = Base.lproj/Interface.storyboard; sourceTree = "<group>"; };
		94ED111624E22DA9006BB755 /* Assets.xcassets */ = {isa = PBXFileReference; lastKnownFileType = folder.assetcatalog; path = Assets.xcassets; sourceTree = "<group>"; };
		94ED111824E22DA9006BB755 /* Info.plist */ = {isa = PBXFileReference; lastKnownFileType = text.plist.xml; path = Info.plist; sourceTree = "<group>"; };
		94ED111D24E22DA9006BB755 /* LottieTutorialWatchOS WatchKit Extension.appex */ = {isa = PBXFileReference; explicitFileType = "wrapper.app-extension"; includeInIndex = 0; path = "LottieTutorialWatchOS WatchKit Extension.appex"; sourceTree = BUILT_PRODUCTS_DIR; };
		94ED112224E22DA9006BB755 /* InterfaceController.swift */ = {isa = PBXFileReference; lastKnownFileType = sourcecode.swift; path = InterfaceController.swift; sourceTree = "<group>"; };
		94ED112424E22DA9006BB755 /* ExtensionDelegate.swift */ = {isa = PBXFileReference; lastKnownFileType = sourcecode.swift; path = ExtensionDelegate.swift; sourceTree = "<group>"; };
		94ED112624E22DA9006BB755 /* NotificationController.swift */ = {isa = PBXFileReference; lastKnownFileType = sourcecode.swift; path = NotificationController.swift; sourceTree = "<group>"; };
		94ED112824E22DA9006BB755 /* Assets.xcassets */ = {isa = PBXFileReference; lastKnownFileType = folder.assetcatalog; path = Assets.xcassets; sourceTree = "<group>"; };
		94ED112A24E22DA9006BB755 /* Info.plist */ = {isa = PBXFileReference; lastKnownFileType = text.plist.xml; path = Info.plist; sourceTree = "<group>"; };
		94ED112B24E22DA9006BB755 /* PushNotificationPayload.apns */ = {isa = PBXFileReference; lastKnownFileType = text; path = PushNotificationPayload.apns; sourceTree = "<group>"; };
		A7D6D5AE986C5BCCF6EEE098 /* Pods_LottieTutorialWatchOS.framework */ = {isa = PBXFileReference; explicitFileType = wrapper.framework; includeInIndex = 0; path = Pods_LottieTutorialWatchOS.framework; sourceTree = BUILT_PRODUCTS_DIR; };
		BA6646ECE660ADB0DE793B59 /* Pods_LottieTutorialWatchOS_WatchKit_App.framework */ = {isa = PBXFileReference; explicitFileType = wrapper.framework; includeInIndex = 0; path = Pods_LottieTutorialWatchOS_WatchKit_App.framework; sourceTree = BUILT_PRODUCTS_DIR; };
		D50606BBDEEA28034A76B52F /* Pods-LottieTutorialWatchOS.release.xcconfig */ = {isa = PBXFileReference; includeInIndex = 1; lastKnownFileType = text.xcconfig; name = "Pods-LottieTutorialWatchOS.release.xcconfig"; path = "Target Support Files/Pods-LottieTutorialWatchOS/Pods-LottieTutorialWatchOS.release.xcconfig"; sourceTree = "<group>"; };
		EF9C1F51FB560434B556CD6C /* Pods-LottieTutorialWatchOS WatchKit App.release.xcconfig */ = {isa = PBXFileReference; includeInIndex = 1; lastKnownFileType = text.xcconfig; name = "Pods-LottieTutorialWatchOS WatchKit App.release.xcconfig"; path = "Target Support Files/Pods-LottieTutorialWatchOS WatchKit App/Pods-LottieTutorialWatchOS WatchKit App.release.xcconfig"; sourceTree = "<group>"; };
/* End PBXFileReference section */

/* Begin PBXFrameworksBuildPhase section */
		3DC0D4A15B0E5E76EB8A388B /* Frameworks */ = {
			isa = PBXFrameworksBuildPhase;
			buildActionMask = 2147483647;
			files = (
				388E0D7EA6EB601AFBCC3570 /* Pods_LottieTutorialWatchOS.framework in Frameworks */,
			);
			runOnlyForDeploymentPostprocessing = 0;
		};
		8DEE0A887ED8301875B82332 /* Frameworks */ = {
			isa = PBXFrameworksBuildPhase;
			buildActionMask = 2147483647;
			files = (
				CA047808A54B5D07C439E443 /* Pods_LottieTutorialWatchOS_WatchKit_App.framework in Frameworks */,
			);
			runOnlyForDeploymentPostprocessing = 0;
		};
		94ED111A24E22DA9006BB755 /* Frameworks */ = {
			isa = PBXFrameworksBuildPhase;
			buildActionMask = 2147483647;
			files = (
				D50165FED43F29947817FB41 /* Pods_LottieTutorialWatchOS_WatchKit_Extension.framework in Frameworks */,
			);
			runOnlyForDeploymentPostprocessing = 0;
		};
/* End PBXFrameworksBuildPhase section */

/* Begin PBXGroup section */
		0568BA150CC2A44152A5D264 /* Frameworks */ = {
			isa = PBXGroup;
			children = (
				A7D6D5AE986C5BCCF6EEE098 /* Pods_LottieTutorialWatchOS.framework */,
				BA6646ECE660ADB0DE793B59 /* Pods_LottieTutorialWatchOS_WatchKit_App.framework */,
				5F531953A722C77F20BE4453 /* Pods_LottieTutorialWatchOS_WatchKit_Extension.framework */,
			);
			name = Frameworks;
			sourceTree = "<group>";
		};
		94ED110324E22DA6006BB755 = {
			isa = PBXGroup;
			children = (
				94ED111224E22DA6006BB755 /* LottieTutorialWatchOS WatchKit App */,
				94ED112124E22DA9006BB755 /* LottieTutorialWatchOS WatchKit Extension */,
				94ED110B24E22DA6006BB755 /* Products */,
				AF23FFF433D8FA4742F2EEF5 /* Pods */,
				0568BA150CC2A44152A5D264 /* Frameworks */,
			);
			sourceTree = "<group>";
		};
		94ED110B24E22DA6006BB755 /* Products */ = {
			isa = PBXGroup;
			children = (
				94ED110A24E22DA6006BB755 /* LottieTutorialWatchOS.app */,
				94ED110E24E22DA6006BB755 /* LottieTutorialWatchOS WatchKit App.app */,
				94ED111D24E22DA9006BB755 /* LottieTutorialWatchOS WatchKit Extension.appex */,
			);
			name = Products;
			sourceTree = "<group>";
		};
		94ED111224E22DA6006BB755 /* LottieTutorialWatchOS WatchKit App */ = {
			isa = PBXGroup;
			children = (
				94ED111324E22DA6006BB755 /* Interface.storyboard */,
				94ED111624E22DA9006BB755 /* Assets.xcassets */,
				94ED111824E22DA9006BB755 /* Info.plist */,
			);
			path = "LottieTutorialWatchOS WatchKit App";
			sourceTree = "<group>";
		};
		94ED112124E22DA9006BB755 /* LottieTutorialWatchOS WatchKit Extension */ = {
			isa = PBXGroup;
			children = (
				94ED112224E22DA9006BB755 /* InterfaceController.swift */,
				94ED112424E22DA9006BB755 /* ExtensionDelegate.swift */,
				94ED112624E22DA9006BB755 /* NotificationController.swift */,
				94ED112824E22DA9006BB755 /* Assets.xcassets */,
				94ED112A24E22DA9006BB755 /* Info.plist */,
				94ED112B24E22DA9006BB755 /* PushNotificationPayload.apns */,
			);
			path = "LottieTutorialWatchOS WatchKit Extension";
			sourceTree = "<group>";
		};
		AF23FFF433D8FA4742F2EEF5 /* Pods */ = {
			isa = PBXGroup;
			children = (
				430D35F442CB19C8E8B7E3B3 /* Pods-LottieTutorialWatchOS.debug.xcconfig */,
				D50606BBDEEA28034A76B52F /* Pods-LottieTutorialWatchOS.release.xcconfig */,
				2C09223FDA47A9F6AADE8141 /* Pods-LottieTutorialWatchOS WatchKit App.debug.xcconfig */,
				EF9C1F51FB560434B556CD6C /* Pods-LottieTutorialWatchOS WatchKit App.release.xcconfig */,
				43E98C816D0CFDCCAD8E04AA /* Pods-LottieTutorialWatchOS WatchKit Extension.debug.xcconfig */,
				0FD41DEDBB49E10462496CBB /* Pods-LottieTutorialWatchOS WatchKit Extension.release.xcconfig */,
			);
			name = Pods;
			path = Pods;
			sourceTree = "<group>";
		};
/* End PBXGroup section */

/* Begin PBXNativeTarget section */
		94ED110924E22DA6006BB755 /* LottieTutorialWatchOS */ = {
			isa = PBXNativeTarget;
			buildConfigurationList = 94ED113624E22DA9006BB755 /* Build configuration list for PBXNativeTarget "LottieTutorialWatchOS" */;
			buildPhases = (
				928093799F29587A97CCEC7F /* [CP] Check Pods Manifest.lock */,
				94ED110824E22DA6006BB755 /* Resources */,
				94ED113524E22DA9006BB755 /* Embed Watch Content */,
				3DC0D4A15B0E5E76EB8A388B /* Frameworks */,
			);
			buildRules = (
			);
			dependencies = (
				94ED111124E22DA6006BB755 /* PBXTargetDependency */,
			);
			name = LottieTutorialWatchOS;
			productName = LottieTutorialWatchOS;
			productReference = 94ED110A24E22DA6006BB755 /* LottieTutorialWatchOS.app */;
			productType = "com.apple.product-type.application.watchapp2-container";
		};
		94ED110D24E22DA6006BB755 /* LottieTutorialWatchOS WatchKit App */ = {
			isa = PBXNativeTarget;
			buildConfigurationList = 94ED113224E22DA9006BB755 /* Build configuration list for PBXNativeTarget "LottieTutorialWatchOS WatchKit App" */;
			buildPhases = (
				73A40FF567732578ED2001E9 /* [CP] Check Pods Manifest.lock */,
				94ED110C24E22DA6006BB755 /* Resources */,
				94ED113124E22DA9006BB755 /* Embed App Extensions */,
				8DEE0A887ED8301875B82332 /* Frameworks */,
			);
			buildRules = (
			);
			dependencies = (
				94ED112024E22DA9006BB755 /* PBXTargetDependency */,
			);
			name = "LottieTutorialWatchOS WatchKit App";
			productName = "LottieTutorialWatchOS WatchKit App";
			productReference = 94ED110E24E22DA6006BB755 /* LottieTutorialWatchOS WatchKit App.app */;
			productType = "com.apple.product-type.application.watchapp2";
		};
		94ED111C24E22DA9006BB755 /* LottieTutorialWatchOS WatchKit Extension */ = {
			isa = PBXNativeTarget;
			buildConfigurationList = 94ED112E24E22DA9006BB755 /* Build configuration list for PBXNativeTarget "LottieTutorialWatchOS WatchKit Extension" */;
			buildPhases = (
				4C4D6FCE5CAFD1C36F421ECC /* [CP] Check Pods Manifest.lock */,
				94ED111924E22DA9006BB755 /* Sources */,
				94ED111A24E22DA9006BB755 /* Frameworks */,
				94ED111B24E22DA9006BB755 /* Resources */,
				5D725A3F2E46F98CFC0391F2 /* [CP] Embed Pods Frameworks */,
			);
			buildRules = (
			);
			dependencies = (
			);
			name = "LottieTutorialWatchOS WatchKit Extension";
			productName = "LottieTutorialWatchOS WatchKit Extension";
			productReference = 94ED111D24E22DA9006BB755 /* LottieTutorialWatchOS WatchKit Extension.appex */;
			productType = "com.apple.product-type.watchkit2-extension";
		};
/* End PBXNativeTarget section */

/* Begin PBXProject section */
		94ED110424E22DA6006BB755 /* Project object */ = {
			isa = PBXProject;
			attributes = {
				LastSwiftUpdateCheck = 1160;
				LastUpgradeCheck = 1160;
				ORGANIZATIONNAME = LottieFiles;
				TargetAttributes = {
					94ED110924E22DA6006BB755 = {
						CreatedOnToolsVersion = 11.6;
					};
					94ED110D24E22DA6006BB755 = {
						CreatedOnToolsVersion = 11.6;
					};
					94ED111C24E22DA9006BB755 = {
						CreatedOnToolsVersion = 11.6;
					};
				};
			};
			buildConfigurationList = 94ED110724E22DA6006BB755 /* Build configuration list for PBXProject "LottieTutorialWatchOS" */;
			compatibilityVersion = "Xcode 9.3";
			developmentRegion = en;
			hasScannedForEncodings = 0;
			knownRegions = (
				en,
				Base,
			);
			mainGroup = 94ED110324E22DA6006BB755;
			productRefGroup = 94ED110B24E22DA6006BB755 /* Products */;
			projectDirPath = "";
			projectRoot = "";
			targets = (
				94ED110924E22DA6006BB755 /* LottieTutorialWatchOS */,
				94ED110D24E22DA6006BB755 /* LottieTutorialWatchOS WatchKit App */,
				94ED111C24E22DA9006BB755 /* LottieTutorialWatchOS WatchKit Extension */,
			);
		};
/* End PBXProject section */

/* Begin PBXResourcesBuildPhase section */
		94ED110824E22DA6006BB755 /* Resources */ = {
			isa = PBXResourcesBuildPhase;
			buildActionMask = 2147483647;
			files = (
			);
			runOnlyForDeploymentPostprocessing = 0;
		};
		94ED110C24E22DA6006BB755 /* Resources */ = {
			isa = PBXResourcesBuildPhase;
			buildActionMask = 2147483647;
			files = (
				94ED111724E22DA9006BB755 /* Assets.xcassets in Resources */,
				94ED111524E22DA6006BB755 /* Interface.storyboard in Resources */,
			);
			runOnlyForDeploymentPostprocessing = 0;
		};
		94ED111B24E22DA9006BB755 /* Resources */ = {
			isa = PBXResourcesBuildPhase;
			buildActionMask = 2147483647;
			files = (
				94ED112924E22DA9006BB755 /* Assets.xcassets in Resources */,
			);
			runOnlyForDeploymentPostprocessing = 0;
		};
/* End PBXResourcesBuildPhase section */

/* Begin PBXShellScriptBuildPhase section */
		4C4D6FCE5CAFD1C36F421ECC /* [CP] Check Pods Manifest.lock */ = {
			isa = PBXShellScriptBuildPhase;
			buildActionMask = 2147483647;
			files = (
			);
			inputFileListPaths = (
			);
			inputPaths = (
				"${PODS_PODFILE_DIR_PATH}/Podfile.lock",
				"${PODS_ROOT}/Manifest.lock",
			);
			name = "[CP] Check Pods Manifest.lock";
			outputFileListPaths = (
			);
			outputPaths = (
				"$(DERIVED_FILE_DIR)/Pods-LottieTutorialWatchOS WatchKit Extension-checkManifestLockResult.txt",
			);
			runOnlyForDeploymentPostprocessing = 0;
			shellPath = /bin/sh;
			shellScript = "diff \"${PODS_PODFILE_DIR_PATH}/Podfile.lock\" \"${PODS_ROOT}/Manifest.lock\" > /dev/null\nif [ $? != 0 ] ; then\n    # print error to STDERR\n    echo \"error: The sandbox is not in sync with the Podfile.lock. Run 'pod install' or update your CocoaPods installation.\" >&2\n    exit 1\nfi\n# This output is used by Xcode 'outputs' to avoid re-running this script phase.\necho \"SUCCESS\" > \"${SCRIPT_OUTPUT_FILE_0}\"\n";
			showEnvVarsInLog = 0;
		};
		5D725A3F2E46F98CFC0391F2 /* [CP] Embed Pods Frameworks */ = {
			isa = PBXShellScriptBuildPhase;
			buildActionMask = 2147483647;
			files = (
			);
			inputFileListPaths = (
				"${PODS_ROOT}/Target Support Files/Pods-LottieTutorialWatchOS WatchKit Extension/Pods-LottieTutorialWatchOS WatchKit Extension-frameworks-${CONFIGURATION}-input-files.xcfilelist",
			);
			name = "[CP] Embed Pods Frameworks";
			outputFileListPaths = (
				"${PODS_ROOT}/Target Support Files/Pods-LottieTutorialWatchOS WatchKit Extension/Pods-LottieTutorialWatchOS WatchKit Extension-frameworks-${CONFIGURATION}-output-files.xcfilelist",
			);
			runOnlyForDeploymentPostprocessing = 0;
			shellPath = /bin/sh;
			shellScript = "\"${PODS_ROOT}/Target Support Files/Pods-LottieTutorialWatchOS WatchKit Extension/Pods-LottieTutorialWatchOS WatchKit Extension-frameworks.sh\"\n";
			showEnvVarsInLog = 0;
		};
		73A40FF567732578ED2001E9 /* [CP] Check Pods Manifest.lock */ = {
			isa = PBXShellScriptBuildPhase;
			buildActionMask = 2147483647;
			files = (
			);
			inputFileListPaths = (
			);
			inputPaths = (
				"${PODS_PODFILE_DIR_PATH}/Podfile.lock",
				"${PODS_ROOT}/Manifest.lock",
			);
			name = "[CP] Check Pods Manifest.lock";
			outputFileListPaths = (
			);
			outputPaths = (
				"$(DERIVED_FILE_DIR)/Pods-LottieTutorialWatchOS WatchKit App-checkManifestLockResult.txt",
			);
			runOnlyForDeploymentPostprocessing = 0;
			shellPath = /bin/sh;
			shellScript = "diff \"${PODS_PODFILE_DIR_PATH}/Podfile.lock\" \"${PODS_ROOT}/Manifest.lock\" > /dev/null\nif [ $? != 0 ] ; then\n    # print error to STDERR\n    echo \"error: The sandbox is not in sync with the Podfile.lock. Run 'pod install' or update your CocoaPods installation.\" >&2\n    exit 1\nfi\n# This output is used by Xcode 'outputs' to avoid re-running this script phase.\necho \"SUCCESS\" > \"${SCRIPT_OUTPUT_FILE_0}\"\n";
			showEnvVarsInLog = 0;
		};
		928093799F29587A97CCEC7F /* [CP] Check Pods Manifest.lock */ = {
			isa = PBXShellScriptBuildPhase;
			buildActionMask = 2147483647;
			files = (
			);
			inputFileListPaths = (
			);
			inputPaths = (
				"${PODS_PODFILE_DIR_PATH}/Podfile.lock",
				"${PODS_ROOT}/Manifest.lock",
			);
			name = "[CP] Check Pods Manifest.lock";
			outputFileListPaths = (
			);
			outputPaths = (
				"$(DERIVED_FILE_DIR)/Pods-LottieTutorialWatchOS-checkManifestLockResult.txt",
			);
			runOnlyForDeploymentPostprocessing = 0;
			shellPath = /bin/sh;
			shellScript = "diff \"${PODS_PODFILE_DIR_PATH}/Podfile.lock\" \"${PODS_ROOT}/Manifest.lock\" > /dev/null\nif [ $? != 0 ] ; then\n    # print error to STDERR\n    echo \"error: The sandbox is not in sync with the Podfile.lock. Run 'pod install' or update your CocoaPods installation.\" >&2\n    exit 1\nfi\n# This output is used by Xcode 'outputs' to avoid re-running this script phase.\necho \"SUCCESS\" > \"${SCRIPT_OUTPUT_FILE_0}\"\n";
			showEnvVarsInLog = 0;
		};
/* End PBXShellScriptBuildPhase section */

/* Begin PBXSourcesBuildPhase section */
		94ED111924E22DA9006BB755 /* Sources */ = {
			isa = PBXSourcesBuildPhase;
			buildActionMask = 2147483647;
			files = (
				94ED112724E22DA9006BB755 /* NotificationController.swift in Sources */,
				94ED112524E22DA9006BB755 /* ExtensionDelegate.swift in Sources */,
				94ED112324E22DA9006BB755 /* InterfaceController.swift in Sources */,
			);
			runOnlyForDeploymentPostprocessing = 0;
		};
/* End PBXSourcesBuildPhase section */

/* Begin PBXTargetDependency section */
		94ED111124E22DA6006BB755 /* PBXTargetDependency */ = {
			isa = PBXTargetDependency;
			target = 94ED110D24E22DA6006BB755 /* LottieTutorialWatchOS WatchKit App */;
			targetProxy = 94ED111024E22DA6006BB755 /* PBXContainerItemProxy */;
		};
		94ED112024E22DA9006BB755 /* PBXTargetDependency */ = {
			isa = PBXTargetDependency;
			target = 94ED111C24E22DA9006BB755 /* LottieTutorialWatchOS WatchKit Extension */;
			targetProxy = 94ED111F24E22DA9006BB755 /* PBXContainerItemProxy */;
		};
/* End PBXTargetDependency section */

/* Begin PBXVariantGroup section */
		94ED111324E22DA6006BB755 /* Interface.storyboard */ = {
			isa = PBXVariantGroup;
			children = (
				94ED111424E22DA6006BB755 /* Base */,
			);
			name = Interface.storyboard;
			sourceTree = "<group>";
		};
/* End PBXVariantGroup section */

/* Begin XCBuildConfiguration section */
		94ED112C24E22DA9006BB755 /* Debug */ = {
			isa = XCBuildConfiguration;
			buildSettings = {
				ALWAYS_SEARCH_USER_PATHS = NO;
				CLANG_ANALYZER_NONNULL = YES;
				CLANG_ANALYZER_NUMBER_OBJECT_CONVERSION = YES_AGGRESSIVE;
				CLANG_CXX_LANGUAGE_STANDARD = "gnu++14";
				CLANG_CXX_LIBRARY = "libc++";
				CLANG_ENABLE_MODULES = YES;
				CLANG_ENABLE_OBJC_ARC = YES;
				CLANG_ENABLE_OBJC_WEAK = YES;
				CLANG_WARN_BLOCK_CAPTURE_AUTORELEASING = YES;
				CLANG_WARN_BOOL_CONVERSION = YES;
				CLANG_WARN_COMMA = YES;
				CLANG_WARN_CONSTANT_CONVERSION = YES;
				CLANG_WARN_DEPRECATED_OBJC_IMPLEMENTATIONS = YES;
				CLANG_WARN_DIRECT_OBJC_ISA_USAGE = YES_ERROR;
				CLANG_WARN_DOCUMENTATION_COMMENTS = YES;
				CLANG_WARN_EMPTY_BODY = YES;
				CLANG_WARN_ENUM_CONVERSION = YES;
				CLANG_WARN_INFINITE_RECURSION = YES;
				CLANG_WARN_INT_CONVERSION = YES;
				CLANG_WARN_NON_LITERAL_NULL_CONVERSION = YES;
				CLANG_WARN_OBJC_IMPLICIT_RETAIN_SELF = YES;
				CLANG_WARN_OBJC_LITERAL_CONVERSION = YES;
				CLANG_WARN_OBJC_ROOT_CLASS = YES_ERROR;
				CLANG_WARN_RANGE_LOOP_ANALYSIS = YES;
				CLANG_WARN_STRICT_PROTOTYPES = YES;
				CLANG_WARN_SUSPICIOUS_MOVE = YES;
				CLANG_WARN_UNGUARDED_AVAILABILITY = YES_AGGRESSIVE;
				CLANG_WARN_UNREACHABLE_CODE = YES;
				CLANG_WARN__DUPLICATE_METHOD_MATCH = YES;
				COPY_PHASE_STRIP = NO;
				DEBUG_INFORMATION_FORMAT = dwarf;
				ENABLE_STRICT_OBJC_MSGSEND = YES;
				ENABLE_TESTABILITY = YES;
				GCC_C_LANGUAGE_STANDARD = gnu11;
				GCC_DYNAMIC_NO_PIC = NO;
				GCC_NO_COMMON_BLOCKS = YES;
				GCC_OPTIMIZATION_LEVEL = 0;
				GCC_PREPROCESSOR_DEFINITIONS = (
					"DEBUG=1",
					"$(inherited)",
				);
				GCC_WARN_64_TO_32_BIT_CONVERSION = YES;
				GCC_WARN_ABOUT_RETURN_TYPE = YES_ERROR;
				GCC_WARN_UNDECLARED_SELECTOR = YES;
				GCC_WARN_UNINITIALIZED_AUTOS = YES_AGGRESSIVE;
				GCC_WARN_UNUSED_FUNCTION = YES;
				GCC_WARN_UNUSED_VARIABLE = YES;
				MTL_ENABLE_DEBUG_INFO = INCLUDE_SOURCE;
				MTL_FAST_MATH = YES;
				ONLY_ACTIVE_ARCH = YES;
				SDKROOT = iphoneos;
				SWIFT_ACTIVE_COMPILATION_CONDITIONS = DEBUG;
				SWIFT_OPTIMIZATION_LEVEL = "-Onone";
			};
			name = Debug;
		};
		94ED112D24E22DA9006BB755 /* Release */ = {
			isa = XCBuildConfiguration;
			buildSettings = {
				ALWAYS_SEARCH_USER_PATHS = NO;
				CLANG_ANALYZER_NONNULL = YES;
				CLANG_ANALYZER_NUMBER_OBJECT_CONVERSION = YES_AGGRESSIVE;
				CLANG_CXX_LANGUAGE_STANDARD = "gnu++14";
				CLANG_CXX_LIBRARY = "libc++";
				CLANG_ENABLE_MODULES = YES;
				CLANG_ENABLE_OBJC_ARC = YES;
				CLANG_ENABLE_OBJC_WEAK = YES;
				CLANG_WARN_BLOCK_CAPTURE_AUTORELEASING = YES;
				CLANG_WARN_BOOL_CONVERSION = YES;
				CLANG_WARN_COMMA = YES;
				CLANG_WARN_CONSTANT_CONVERSION = YES;
				CLANG_WARN_DEPRECATED_OBJC_IMPLEMENTATIONS = YES;
				CLANG_WARN_DIRECT_OBJC_ISA_USAGE = YES_ERROR;
				CLANG_WARN_DOCUMENTATION_COMMENTS = YES;
				CLANG_WARN_EMPTY_BODY = YES;
				CLANG_WARN_ENUM_CONVERSION = YES;
				CLANG_WARN_INFINITE_RECURSION = YES;
				CLANG_WARN_INT_CONVERSION = YES;
				CLANG_WARN_NON_LITERAL_NULL_CONVERSION = YES;
				CLANG_WARN_OBJC_IMPLICIT_RETAIN_SELF = YES;
				CLANG_WARN_OBJC_LITERAL_CONVERSION = YES;
				CLANG_WARN_OBJC_ROOT_CLASS = YES_ERROR;
				CLANG_WARN_RANGE_LOOP_ANALYSIS = YES;
				CLANG_WARN_STRICT_PROTOTYPES = YES;
				CLANG_WARN_SUSPICIOUS_MOVE = YES;
				CLANG_WARN_UNGUARDED_AVAILABILITY = YES_AGGRESSIVE;
				CLANG_WARN_UNREACHABLE_CODE = YES;
				CLANG_WARN__DUPLICATE_METHOD_MATCH = YES;
				COPY_PHASE_STRIP = NO;
				DEBUG_INFORMATION_FORMAT = "dwarf-with-dsym";
				ENABLE_NS_ASSERTIONS = NO;
				ENABLE_STRICT_OBJC_MSGSEND = YES;
				GCC_C_LANGUAGE_STANDARD = gnu11;
				GCC_NO_COMMON_BLOCKS = YES;
				GCC_WARN_64_TO_32_BIT_CONVERSION = YES;
				GCC_WARN_ABOUT_RETURN_TYPE = YES_ERROR;
				GCC_WARN_UNDECLARED_SELECTOR = YES;
				GCC_WARN_UNINITIALIZED_AUTOS = YES_AGGRESSIVE;
				GCC_WARN_UNUSED_FUNCTION = YES;
				GCC_WARN_UNUSED_VARIABLE = YES;
				MTL_ENABLE_DEBUG_INFO = NO;
				MTL_FAST_MATH = YES;
				SDKROOT = iphoneos;
				SWIFT_COMPILATION_MODE = wholemodule;
				SWIFT_OPTIMIZATION_LEVEL = "-O";
				VALIDATE_PRODUCT = YES;
			};
			name = Release;
		};
		94ED112F24E22DA9006BB755 /* Debug */ = {
			isa = XCBuildConfiguration;
			baseConfigurationReference = 43E98C816D0CFDCCAD8E04AA /* Pods-LottieTutorialWatchOS WatchKit Extension.debug.xcconfig */;
			buildSettings = {
				ASSETCATALOG_COMPILER_COMPLICATION_NAME = Complication;
				CODE_SIGN_STYLE = Automatic;
				DEVELOPMENT_TEAM = S2DSCP4F3H;
				INFOPLIST_FILE = "LottieTutorialWatchOS WatchKit Extension/Info.plist";
				LD_RUNPATH_SEARCH_PATHS = (
					"$(inherited)",
					"@executable_path/Frameworks",
					"@executable_path/../../Frameworks",
				);
				PRODUCT_BUNDLE_IDENTIFIER = com.lottiefiles.LottieTutorialWatchOS.watchkitapp.watchkitextension;
				PRODUCT_NAME = "${TARGET_NAME}";
				SDKROOT = watchos;
				SKIP_INSTALL = YES;
				SWIFT_VERSION = 5.0;
				TARGETED_DEVICE_FAMILY = 4;
				WATCHOS_DEPLOYMENT_TARGET = 6.2;
			};
			name = Debug;
		};
		94ED113024E22DA9006BB755 /* Release */ = {
			isa = XCBuildConfiguration;
			baseConfigurationReference = 0FD41DEDBB49E10462496CBB /* Pods-LottieTutorialWatchOS WatchKit Extension.release.xcconfig */;
			buildSettings = {
				ASSETCATALOG_COMPILER_COMPLICATION_NAME = Complication;
				CODE_SIGN_STYLE = Automatic;
				DEVELOPMENT_TEAM = S2DSCP4F3H;
				INFOPLIST_FILE = "LottieTutorialWatchOS WatchKit Extension/Info.plist";
				LD_RUNPATH_SEARCH_PATHS = (
					"$(inherited)",
					"@executable_path/Frameworks",
					"@executable_path/../../Frameworks",
				);
				PRODUCT_BUNDLE_IDENTIFIER = com.lottiefiles.LottieTutorialWatchOS.watchkitapp.watchkitextension;
				PRODUCT_NAME = "${TARGET_NAME}";
				SDKROOT = watchos;
				SKIP_INSTALL = YES;
				SWIFT_VERSION = 5.0;
				TARGETED_DEVICE_FAMILY = 4;
				WATCHOS_DEPLOYMENT_TARGET = 6.2;
			};
			name = Release;
		};
		94ED113324E22DA9006BB755 /* Debug */ = {
			isa = XCBuildConfiguration;
			baseConfigurationReference = 2C09223FDA47A9F6AADE8141 /* Pods-LottieTutorialWatchOS WatchKit App.debug.xcconfig */;
			buildSettings = {
				ALWAYS_EMBED_SWIFT_STANDARD_LIBRARIES = YES;
				ASSETCATALOG_COMPILER_APPICON_NAME = AppIcon;
				CODE_SIGN_STYLE = Automatic;
				DEVELOPMENT_TEAM = S2DSCP4F3H;
				IBSC_MODULE = LottieTutorialWatchOS_WatchKit_Extension;
				INFOPLIST_FILE = "LottieTutorialWatchOS WatchKit App/Info.plist";
				PRODUCT_BUNDLE_IDENTIFIER = com.lottiefiles.LottieTutorialWatchOS.watchkitapp;
				PRODUCT_NAME = "$(TARGET_NAME)";
				SDKROOT = watchos;
				SKIP_INSTALL = YES;
				SWIFT_VERSION = 5.0;
				TARGETED_DEVICE_FAMILY = 4;
				WATCHOS_DEPLOYMENT_TARGET = 6.2;
			};
			name = Debug;
		};
		94ED113424E22DA9006BB755 /* Release */ = {
			isa = XCBuildConfiguration;
			baseConfigurationReference = EF9C1F51FB560434B556CD6C /* Pods-LottieTutorialWatchOS WatchKit App.release.xcconfig */;
			buildSettings = {
				ALWAYS_EMBED_SWIFT_STANDARD_LIBRARIES = YES;
				ASSETCATALOG_COMPILER_APPICON_NAME = AppIcon;
				CODE_SIGN_STYLE = Automatic;
				DEVELOPMENT_TEAM = S2DSCP4F3H;
				IBSC_MODULE = LottieTutorialWatchOS_WatchKit_Extension;
				INFOPLIST_FILE = "LottieTutorialWatchOS WatchKit App/Info.plist";
				PRODUCT_BUNDLE_IDENTIFIER = com.lottiefiles.LottieTutorialWatchOS.watchkitapp;
				PRODUCT_NAME = "$(TARGET_NAME)";
				SDKROOT = watchos;
				SKIP_INSTALL = YES;
				SWIFT_VERSION = 5.0;
				TARGETED_DEVICE_FAMILY = 4;
				WATCHOS_DEPLOYMENT_TARGET = 6.2;
			};
			name = Release;
		};
		94ED113724E22DA9006BB755 /* Debug */ = {
			isa = XCBuildConfiguration;
			baseConfigurationReference = 430D35F442CB19C8E8B7E3B3 /* Pods-LottieTutorialWatchOS.debug.xcconfig */;
			buildSettings = {
				CODE_SIGN_STYLE = Automatic;
				CURRENT_PROJECT_VERSION = 1;
				DEVELOPMENT_TEAM = S2DSCP4F3H;
				MARKETING_VERSION = 1.0;
				PRODUCT_BUNDLE_IDENTIFIER = com.lottiefiles.LottieTutorialWatchOS;
				PRODUCT_NAME = "$(TARGET_NAME)";
				SWIFT_VERSION = 5.0;
			};
			name = Debug;
		};
		94ED113824E22DA9006BB755 /* Release */ = {
			isa = XCBuildConfiguration;
			baseConfigurationReference = D50606BBDEEA28034A76B52F /* Pods-LottieTutorialWatchOS.release.xcconfig */;
			buildSettings = {
				CODE_SIGN_STYLE = Automatic;
				CURRENT_PROJECT_VERSION = 1;
				DEVELOPMENT_TEAM = S2DSCP4F3H;
				MARKETING_VERSION = 1.0;
				PRODUCT_BUNDLE_IDENTIFIER = com.lottiefiles.LottieTutorialWatchOS;
				PRODUCT_NAME = "$(TARGET_NAME)";
				SWIFT_VERSION = 5.0;
			};
			name = Release;
		};
/* End XCBuildConfiguration section */

/* Begin XCConfigurationList section */
		94ED110724E22DA6006BB755 /* Build configuration list for PBXProject "LottieTutorialWatchOS" */ = {
			isa = XCConfigurationList;
			buildConfigurations = (
				94ED112C24E22DA9006BB755 /* Debug */,
				94ED112D24E22DA9006BB755 /* Release */,
			);
			defaultConfigurationIsVisible = 0;
			defaultConfigurationName = Release;
		};
		94ED112E24E22DA9006BB755 /* Build configuration list for PBXNativeTarget "LottieTutorialWatchOS WatchKit Extension" */ = {
			isa = XCConfigurationList;
			buildConfigurations = (
				94ED112F24E22DA9006BB755 /* Debug */,
				94ED113024E22DA9006BB755 /* Release */,
			);
			defaultConfigurationIsVisible = 0;
			defaultConfigurationName = Release;
		};
		94ED113224E22DA9006BB755 /* Build configuration list for PBXNativeTarget "LottieTutorialWatchOS WatchKit App" */ = {
			isa = XCConfigurationList;
			buildConfigurations = (
				94ED113324E22DA9006BB755 /* Debug */,
				94ED113424E22DA9006BB755 /* Release */,
			);
			defaultConfigurationIsVisible = 0;
			defaultConfigurationName = Release;
		};
		94ED113624E22DA9006BB755 /* Build configuration list for PBXNativeTarget "LottieTutorialWatchOS" */ = {
			isa = XCConfigurationList;
			buildConfigurations = (
				94ED113724E22DA9006BB755 /* Debug */,
				94ED113824E22DA9006BB755 /* Release */,
			);
			defaultConfigurationIsVisible = 0;
			defaultConfigurationName = Release;
		};
/* End XCConfigurationList section */
	};
	rootObject = 94ED110424E22DA6006BB755 /* Project object */;
}
